// !$*UTF8*$!
{
	archiveVersion = 1;
	classes = {
	};
	objectVersion = 56;
	objects = {

/* Begin PBXBuildFile section */
		64292E7329144D6C004F6169 /* prng.cpp in Sources */ = {isa = PBXBuildFile; fileRef = 64292E7129144D6C004F6169 /* prng.cpp */; };
		64292E7629144DE1004F6169 /* speed_test.cpp in Sources */ = {isa = PBXBuildFile; fileRef = 64292E7429144DE1004F6169 /* speed_test.cpp */; };
		64835E60290BCA9F00113E4E /* config_parser.cpp in Sources */ = {isa = PBXBuildFile; fileRef = 64835E5D290BCA9F00113E4E /* config_parser.cpp */; };
		64835E61290BCA9F00113E4E /* configuration.cpp in Sources */ = {isa = PBXBuildFile; fileRef = 64835E5F290BCA9F00113E4E /* configuration.cpp */; };
		64937C6428D5EBF1009BD0C2 /* main.cpp in Sources */ = {isa = PBXBuildFile; fileRef = 64937C6328D5EBF1009BD0C2 /* main.cpp */; };
		64937C7228D5ED1F009BD0C2 /* usb_registry.cpp in Sources */ = {isa = PBXBuildFile; fileRef = 64937C6B28D5ED1F009BD0C2 /* usb_registry.cpp */; };
		64937C7328D5ED1F009BD0C2 /* iokit_helper.cpp in Sources */ = {isa = PBXBuildFile; fileRef = 64937C6C28D5ED1F009BD0C2 /* iokit_helper.cpp */; };
		64937C7628D5ED8D009BD0C2 /* usb_error.cpp in Sources */ = {isa = PBXBuildFile; fileRef = 64937C7428D5ED8D009BD0C2 /* usb_error.cpp */; };
		64937C7928D5FE6D009BD0C2 /* usb_device.cpp in Sources */ = {isa = PBXBuildFile; fileRef = 64937C7728D5FE6D009BD0C2 /* usb_device.cpp */; };
		64937C7C28D60C67009BD0C2 /* IOKit.framework in Frameworks */ = {isa = PBXBuildFile; fileRef = 64937C7B28D60C67009BD0C2 /* IOKit.framework */; };
		64937C7E28D60C82009BD0C2 /* CoreFoundation.framework in Frameworks */ = {isa = PBXBuildFile; fileRef = 64937C7D28D60C82009BD0C2 /* CoreFoundation.framework */; };
		64937C8128D6F9DE009BD0C2 /* tests.cpp in Sources */ = {isa = PBXBuildFile; fileRef = 64937C7F28D6F9DE009BD0C2 /* tests.cpp */; };
		64937C8428D71D31009BD0C2 /* assertion.cpp in Sources */ = {isa = PBXBuildFile; fileRef = 64937C8228D71D31009BD0C2 /* assertion.cpp */; };
/* End PBXBuildFile section */

/* Begin PBXCopyFilesBuildPhase section */
		64937C5E28D5EBF1009BD0C2 /* CopyFiles */ = {
			isa = PBXCopyFilesBuildPhase;
			buildActionMask = 2147483647;
			dstPath = /usr/share/man/man1/;
			dstSubfolderSpec = 0;
			files = (
			);
			runOnlyForDeploymentPostprocessing = 1;
		};
/* End PBXCopyFilesBuildPhase section */

/* Begin PBXFileReference section */
		64292E7129144D6C004F6169 /* prng.cpp */ = {isa = PBXFileReference; lastKnownFileType = sourcecode.cpp.cpp; path = prng.cpp; sourceTree = "<group>"; };
		64292E7229144D6C004F6169 /* prng.hpp */ = {isa = PBXFileReference; lastKnownFileType = sourcecode.cpp.h; path = prng.hpp; sourceTree = "<group>"; };
		64292E7429144DE1004F6169 /* speed_test.cpp */ = {isa = PBXFileReference; lastKnownFileType = sourcecode.cpp.cpp; path = speed_test.cpp; sourceTree = "<group>"; };
		64292E7529144DE1004F6169 /* speed_test.hpp */ = {isa = PBXFileReference; lastKnownFileType = sourcecode.cpp.h; path = speed_test.hpp; sourceTree = "<group>"; };
		64835E5C290BCA9F00113E4E /* configuration.hpp */ = {isa = PBXFileReference; fileEncoding = 4; lastKnownFileType = sourcecode.cpp.h; path = configuration.hpp; sourceTree = "<group>"; };
		64835E5D290BCA9F00113E4E /* config_parser.cpp */ = {isa = PBXFileReference; fileEncoding = 4; lastKnownFileType = sourcecode.cpp.cpp; path = config_parser.cpp; sourceTree = "<group>"; };
		64835E5E290BCA9F00113E4E /* config_parser.hpp */ = {isa = PBXFileReference; fileEncoding = 4; lastKnownFileType = sourcecode.cpp.h; path = config_parser.hpp; sourceTree = "<group>"; };
		64835E5F290BCA9F00113E4E /* configuration.cpp */ = {isa = PBXFileReference; fileEncoding = 4; lastKnownFileType = sourcecode.cpp.cpp; path = configuration.cpp; sourceTree = "<group>"; };
		64937C6028D5EBF1009BD0C2 /* USB */ = {isa = PBXFileReference; explicitFileType = "compiled.mach-o.executable"; includeInIndex = 0; path = USB; sourceTree = BUILT_PRODUCTS_DIR; };
		64937C6328D5EBF1009BD0C2 /* main.cpp */ = {isa = PBXFileReference; lastKnownFileType = sourcecode.cpp.cpp; path = main.cpp; sourceTree = "<group>"; };
		64937C6B28D5ED1F009BD0C2 /* usb_registry.cpp */ = {isa = PBXFileReference; fileEncoding = 4; lastKnownFileType = sourcecode.cpp.cpp; path = usb_registry.cpp; sourceTree = "<group>"; };
		64937C6C28D5ED1F009BD0C2 /* iokit_helper.cpp */ = {isa = PBXFileReference; fileEncoding = 4; lastKnownFileType = sourcecode.cpp.cpp; path = iokit_helper.cpp; sourceTree = "<group>"; };
		64937C6D28D5ED1F009BD0C2 /* iokit_helper.hpp */ = {isa = PBXFileReference; fileEncoding = 4; lastKnownFileType = sourcecode.cpp.h; path = iokit_helper.hpp; sourceTree = "<group>"; };
		64937C6E28D5ED1F009BD0C2 /* usb_registry.hpp */ = {isa = PBXFileReference; fileEncoding = 4; lastKnownFileType = sourcecode.cpp.h; path = usb_registry.hpp; sourceTree = "<group>"; };
		64937C6F28D5ED1F009BD0C2 /* scope.hpp */ = {isa = PBXFileReference; fileEncoding = 4; lastKnownFileType = sourcecode.cpp.h; path = scope.hpp; sourceTree = "<group>"; };
		64937C7428D5ED8D009BD0C2 /* usb_error.cpp */ = {isa = PBXFileReference; lastKnownFileType = sourcecode.cpp.cpp; path = usb_error.cpp; sourceTree = "<group>"; };
		64937C7528D5ED8D009BD0C2 /* usb_error.hpp */ = {isa = PBXFileReference; lastKnownFileType = sourcecode.cpp.h; path = usb_error.hpp; sourceTree = "<group>"; };
		64937C7728D5FE6D009BD0C2 /* usb_device.cpp */ = {isa = PBXFileReference; lastKnownFileType = sourcecode.cpp.cpp; path = usb_device.cpp; sourceTree = "<group>"; };
		64937C7828D5FE6D009BD0C2 /* usb_device.hpp */ = {isa = PBXFileReference; lastKnownFileType = sourcecode.cpp.h; path = usb_device.hpp; sourceTree = "<group>"; };
		64937C7B28D60C67009BD0C2 /* IOKit.framework */ = {isa = PBXFileReference; lastKnownFileType = wrapper.framework; name = IOKit.framework; path = System/Library/Frameworks/IOKit.framework; sourceTree = SDKROOT; };
		64937C7D28D60C82009BD0C2 /* CoreFoundation.framework */ = {isa = PBXFileReference; lastKnownFileType = wrapper.framework; name = CoreFoundation.framework; path = System/Library/Frameworks/CoreFoundation.framework; sourceTree = SDKROOT; };
		64937C7F28D6F9DE009BD0C2 /* tests.cpp */ = {isa = PBXFileReference; lastKnownFileType = sourcecode.cpp.cpp; path = tests.cpp; sourceTree = "<group>"; };
		64937C8028D6F9DE009BD0C2 /* tests.hpp */ = {isa = PBXFileReference; lastKnownFileType = sourcecode.cpp.h; path = tests.hpp; sourceTree = "<group>"; };
		64937C8228D71D31009BD0C2 /* assertion.cpp */ = {isa = PBXFileReference; lastKnownFileType = sourcecode.cpp.cpp; path = assertion.cpp; sourceTree = "<group>"; };
		64937C8328D71D31009BD0C2 /* assertion.hpp */ = {isa = PBXFileReference; lastKnownFileType = sourcecode.cpp.h; path = assertion.hpp; sourceTree = "<group>"; };
/* End PBXFileReference section */

/* Begin PBXFrameworksBuildPhase section */
		64937C5D28D5EBF1009BD0C2 /* Frameworks */ = {
			isa = PBXFrameworksBuildPhase;
			buildActionMask = 2147483647;
			files = (
				64937C7E28D60C82009BD0C2 /* CoreFoundation.framework in Frameworks */,
				64937C7C28D60C67009BD0C2 /* IOKit.framework in Frameworks */,
			);
			runOnlyForDeploymentPostprocessing = 0;
		};
/* End PBXFrameworksBuildPhase section */

/* Begin PBXGroup section */
		64937C5728D5EBF1009BD0C2 = {
			isa = PBXGroup;
			children = (
				64937C6228D5EBF1009BD0C2 /* USB */,
				64937C6128D5EBF1009BD0C2 /* Products */,
				64937C7A28D60C67009BD0C2 /* Frameworks */,
			);
			sourceTree = "<group>";
		};
		64937C6128D5EBF1009BD0C2 /* Products */ = {
			isa = PBXGroup;
			children = (
				64937C6028D5EBF1009BD0C2 /* USB */,
			);
			name = Products;
			sourceTree = "<group>";
		};
		64937C6228D5EBF1009BD0C2 /* USB */ = {
			isa = PBXGroup;
			children = (
				64835E5D290BCA9F00113E4E /* config_parser.cpp */,
				64835E5E290BCA9F00113E4E /* config_parser.hpp */,
				64835E5F290BCA9F00113E4E /* configuration.cpp */,
				64835E5C290BCA9F00113E4E /* configuration.hpp */,
				64937C8328D71D31009BD0C2 /* assertion.hpp */,
				64937C8228D71D31009BD0C2 /* assertion.cpp */,
				64937C6D28D5ED1F009BD0C2 /* iokit_helper.hpp */,
				64937C6C28D5ED1F009BD0C2 /* iokit_helper.cpp */,
				64937C6328D5EBF1009BD0C2 /* main.cpp */,
				64937C6F28D5ED1F009BD0C2 /* scope.hpp */,
				64937C8028D6F9DE009BD0C2 /* tests.hpp */,
				64937C7F28D6F9DE009BD0C2 /* tests.cpp */,
				64937C7528D5ED8D009BD0C2 /* usb_error.hpp */,
				64937C7428D5ED8D009BD0C2 /* usb_error.cpp */,
				64937C7828D5FE6D009BD0C2 /* usb_device.hpp */,
				64937C7728D5FE6D009BD0C2 /* usb_device.cpp */,
				64937C6E28D5ED1F009BD0C2 /* usb_registry.hpp */,
				64937C6B28D5ED1F009BD0C2 /* usb_registry.cpp */,
				64292E7129144D6C004F6169 /* prng.cpp */,
				64292E7229144D6C004F6169 /* prng.hpp */,
				64292E7429144DE1004F6169 /* speed_test.cpp */,
				64292E7529144DE1004F6169 /* speed_test.hpp */,
			);
			path = USB;
			sourceTree = "<group>";
		};
		64937C7A28D60C67009BD0C2 /* Frameworks */ = {
			isa = PBXGroup;
			children = (
				64937C7D28D60C82009BD0C2 /* CoreFoundation.framework */,
				64937C7B28D60C67009BD0C2 /* IOKit.framework */,
			);
			name = Frameworks;
			sourceTree = "<group>";
		};
/* End PBXGroup section */

/* Begin PBXNativeTarget section */
		64937C5F28D5EBF1009BD0C2 /* USB */ = {
			isa = PBXNativeTarget;
			buildConfigurationList = 64937C6728D5EBF1009BD0C2 /* Build configuration list for PBXNativeTarget "USB" */;
			buildPhases = (
				64937C5C28D5EBF1009BD0C2 /* Sources */,
				64937C5D28D5EBF1009BD0C2 /* Frameworks */,
				64937C5E28D5EBF1009BD0C2 /* CopyFiles */,
			);
			buildRules = (
			);
			dependencies = (
			);
			name = USB;
			productName = USB;
			productReference = 64937C6028D5EBF1009BD0C2 /* USB */;
			productType = "com.apple.product-type.tool";
		};
/* End PBXNativeTarget section */

/* Begin PBXProject section */
		64937C5828D5EBF1009BD0C2 /* Project object */ = {
			isa = PBXProject;
			attributes = {
				BuildIndependentTargetsInParallel = 1;
				LastUpgradeCheck = 1410;
				TargetAttributes = {
					64937C5F28D5EBF1009BD0C2 = {
						CreatedOnToolsVersion = 14.0;
					};
				};
			};
			buildConfigurationList = 64937C5B28D5EBF1009BD0C2 /* Build configuration list for PBXProject "usb" */;
			compatibilityVersion = "Xcode 14.0";
			developmentRegion = en;
			hasScannedForEncodings = 0;
			knownRegions = (
				en,
				Base,
			);
			mainGroup = 64937C5728D5EBF1009BD0C2;
			productRefGroup = 64937C6128D5EBF1009BD0C2 /* Products */;
			projectDirPath = "";
			projectRoot = "";
			targets = (
				64937C5F28D5EBF1009BD0C2 /* USB */,
			);
		};
/* End PBXProject section */

/* Begin PBXSourcesBuildPhase section */
		64937C5C28D5EBF1009BD0C2 /* Sources */ = {
			isa = PBXSourcesBuildPhase;
			buildActionMask = 2147483647;
			files = (
				64937C7328D5ED1F009BD0C2 /* iokit_helper.cpp in Sources */,
				64937C8428D71D31009BD0C2 /* assertion.cpp in Sources */,
				64835E61290BCA9F00113E4E /* configuration.cpp in Sources */,
				64937C7928D5FE6D009BD0C2 /* usb_device.cpp in Sources */,
				64937C7228D5ED1F009BD0C2 /* usb_registry.cpp in Sources */,
				64835E60290BCA9F00113E4E /* config_parser.cpp in Sources */,
				64937C6428D5EBF1009BD0C2 /* main.cpp in Sources */,
				64937C7628D5ED8D009BD0C2 /* usb_error.cpp in Sources */,
				64292E7329144D6C004F6169 /* prng.cpp in Sources */,
				64292E7629144DE1004F6169 /* speed_test.cpp in Sources */,
				64937C8128D6F9DE009BD0C2 /* tests.cpp in Sources */,
			);
			runOnlyForDeploymentPostprocessing = 0;
		};
/* End PBXSourcesBuildPhase section */

/* Begin XCBuildConfiguration section */
		64937C6528D5EBF1009BD0C2 /* Debug */ = {
			isa = XCBuildConfiguration;
			buildSettings = {
				ALWAYS_SEARCH_USER_PATHS = NO;
				CLANG_ANALYZER_NONNULL = YES;
				CLANG_ANALYZER_NUMBER_OBJECT_CONVERSION = YES_AGGRESSIVE;
				CLANG_CXX_LANGUAGE_STANDARD = "gnu++20";
				CLANG_ENABLE_MODULES = YES;
				CLANG_ENABLE_OBJC_ARC = YES;
				CLANG_ENABLE_OBJC_WEAK = YES;
				CLANG_WARN_BLOCK_CAPTURE_AUTORELEASING = YES;
				CLANG_WARN_BOOL_CONVERSION = YES;
				CLANG_WARN_COMMA = YES;
				CLANG_WARN_CONSTANT_CONVERSION = YES;
				CLANG_WARN_DEPRECATED_OBJC_IMPLEMENTATIONS = YES;
				CLANG_WARN_DIRECT_OBJC_ISA_USAGE = YES_ERROR;
				CLANG_WARN_DOCUMENTATION_COMMENTS = YES;
				CLANG_WARN_EMPTY_BODY = YES;
				CLANG_WARN_ENUM_CONVERSION = YES;
				CLANG_WARN_INFINITE_RECURSION = YES;
				CLANG_WARN_INT_CONVERSION = YES;
				CLANG_WARN_NON_LITERAL_NULL_CONVERSION = YES;
				CLANG_WARN_OBJC_IMPLICIT_RETAIN_SELF = YES;
				CLANG_WARN_OBJC_LITERAL_CONVERSION = YES;
				CLANG_WARN_OBJC_ROOT_CLASS = YES_ERROR;
				CLANG_WARN_QUOTED_INCLUDE_IN_FRAMEWORK_HEADER = YES;
				CLANG_WARN_RANGE_LOOP_ANALYSIS = YES;
				CLANG_WARN_STRICT_PROTOTYPES = YES;
				CLANG_WARN_SUSPICIOUS_MOVE = YES;
				CLANG_WARN_UNGUARDED_AVAILABILITY = YES_AGGRESSIVE;
				CLANG_WARN_UNREACHABLE_CODE = YES;
				CLANG_WARN__DUPLICATE_METHOD_MATCH = YES;
				COPY_PHASE_STRIP = NO;
				DEAD_CODE_STRIPPING = YES;
				DEBUG_INFORMATION_FORMAT = dwarf;
				ENABLE_STRICT_OBJC_MSGSEND = YES;
				ENABLE_TESTABILITY = YES;
				GCC_C_LANGUAGE_STANDARD = gnu11;
				GCC_DYNAMIC_NO_PIC = NO;
				GCC_NO_COMMON_BLOCKS = YES;
				GCC_OPTIMIZATION_LEVEL = 0;
				GCC_PREPROCESSOR_DEFINITIONS = (
					"DEBUG=1",
					"$(inherited)",
				);
				GCC_WARN_64_TO_32_BIT_CONVERSION = YES;
				GCC_WARN_ABOUT_RETURN_TYPE = YES_ERROR;
				GCC_WARN_UNDECLARED_SELECTOR = YES;
				GCC_WARN_UNINITIALIZED_AUTOS = YES_AGGRESSIVE;
				GCC_WARN_UNUSED_FUNCTION = YES;
				GCC_WARN_UNUSED_VARIABLE = YES;
				MACOSX_DEPLOYMENT_TARGET = 12.3;
				MTL_ENABLE_DEBUG_INFO = INCLUDE_SOURCE;
				MTL_FAST_MATH = YES;
				ONLY_ACTIVE_ARCH = YES;
				SDKROOT = macosx;
			};
			name = Debug;
		};
		64937C6628D5EBF1009BD0C2 /* Release */ = {
			isa = XCBuildConfiguration;
			buildSettings = {
				ALWAYS_SEARCH_USER_PATHS = NO;
				CLANG_ANALYZER_NONNULL = YES;
				CLANG_ANALYZER_NUMBER_OBJECT_CONVERSION = YES_AGGRESSIVE;
				CLANG_CXX_LANGUAGE_STANDARD = "gnu++20";
				CLANG_ENABLE_MODULES = YES;
				CLANG_ENABLE_OBJC_ARC = YES;
				CLANG_ENABLE_OBJC_WEAK = YES;
				CLANG_WARN_BLOCK_CAPTURE_AUTORELEASING = YES;
				CLANG_WARN_BOOL_CONVERSION = YES;
				CLANG_WARN_COMMA = YES;
				CLANG_WARN_CONSTANT_CONVERSION = YES;
				CLANG_WARN_DEPRECATED_OBJC_IMPLEMENTATIONS = YES;
				CLANG_WARN_DIRECT_OBJC_ISA_USAGE = YES_ERROR;
				CLANG_WARN_DOCUMENTATION_COMMENTS = YES;
				CLANG_WARN_EMPTY_BODY = YES;
				CLANG_WARN_ENUM_CONVERSION = YES;
				CLANG_WARN_INFINITE_RECURSION = YES;
				CLANG_WARN_INT_CONVERSION = YES;
				CLANG_WARN_NON_LITERAL_NULL_CONVERSION = YES;
				CLANG_WARN_OBJC_IMPLICIT_RETAIN_SELF = YES;
				CLANG_WARN_OBJC_LITERAL_CONVERSION = YES;
				CLANG_WARN_OBJC_ROOT_CLASS = YES_ERROR;
				CLANG_WARN_QUOTED_INCLUDE_IN_FRAMEWORK_HEADER = YES;
				CLANG_WARN_RANGE_LOOP_ANALYSIS = YES;
				CLANG_WARN_STRICT_PROTOTYPES = YES;
				CLANG_WARN_SUSPICIOUS_MOVE = YES;
				CLANG_WARN_UNGUARDED_AVAILABILITY = YES_AGGRESSIVE;
				CLANG_WARN_UNREACHABLE_CODE = YES;
				CLANG_WARN__DUPLICATE_METHOD_MATCH = YES;
				COPY_PHASE_STRIP = NO;
				DEAD_CODE_STRIPPING = YES;
				DEBUG_INFORMATION_FORMAT = "dwarf-with-dsym";
				ENABLE_NS_ASSERTIONS = NO;
				ENABLE_STRICT_OBJC_MSGSEND = YES;
				GCC_C_LANGUAGE_STANDARD = gnu11;
				GCC_NO_COMMON_BLOCKS = YES;
				GCC_WARN_64_TO_32_BIT_CONVERSION = YES;
				GCC_WARN_ABOUT_RETURN_TYPE = YES_ERROR;
				GCC_WARN_UNDECLARED_SELECTOR = YES;
				GCC_WARN_UNINITIALIZED_AUTOS = YES_AGGRESSIVE;
				GCC_WARN_UNUSED_FUNCTION = YES;
				GCC_WARN_UNUSED_VARIABLE = YES;
				MACOSX_DEPLOYMENT_TARGET = 12.3;
				MTL_ENABLE_DEBUG_INFO = NO;
				MTL_FAST_MATH = YES;
				SDKROOT = macosx;
			};
			name = Release;
		};
		64937C6828D5EBF1009BD0C2 /* Debug */ = {
			isa = XCBuildConfiguration;
			buildSettings = {
				CLANG_CXX_LANGUAGE_STANDARD = "c++17";
				CODE_SIGN_IDENTITY = "-";
				CODE_SIGN_STYLE = Automatic;
				DEAD_CODE_STRIPPING = YES;
				DEVELOPMENT_TEAM = 4H9ZA7X4C4;
				ENABLE_HARDENED_RUNTIME = YES;
				PRODUCT_NAME = "$(TARGET_NAME)";
			};
			name = Debug;
		};
		64937C6928D5EBF1009BD0C2 /* Release */ = {
			isa = XCBuildConfiguration;
			buildSettings = {
				CLANG_CXX_LANGUAGE_STANDARD = "c++17";
				CODE_SIGN_IDENTITY = "-";
				CODE_SIGN_STYLE = Automatic;
				DEAD_CODE_STRIPPING = YES;
				DEVELOPMENT_TEAM = 4H9ZA7X4C4;
				ENABLE_HARDENED_RUNTIME = YES;
				PRODUCT_NAME = "$(TARGET_NAME)";
			};
			name = Release;
		};
/* End XCBuildConfiguration section */

/* Begin XCConfigurationList section */
		64937C5B28D5EBF1009BD0C2 /* Build configuration list for PBXProject "usb" */ = {
			isa = XCConfigurationList;
			buildConfigurations = (
				64937C6528D5EBF1009BD0C2 /* Debug */,
				64937C6628D5EBF1009BD0C2 /* Release */,
			);
			defaultConfigurationIsVisible = 0;
			defaultConfigurationName = Release;
		};
		64937C6728D5EBF1009BD0C2 /* Build configuration list for PBXNativeTarget "USB" */ = {
			isa = XCConfigurationList;
			buildConfigurations = (
				64937C6828D5EBF1009BD0C2 /* Debug */,
				64937C6928D5EBF1009BD0C2 /* Release */,
			);
			defaultConfigurationIsVisible = 0;
			defaultConfigurationName = Release;
		};
/* End XCConfigurationList section */
	};
	rootObject = 64937C5828D5EBF1009BD0C2 /* Project object */;
}
